
Microsoft Visual Studio Solution File, Format Version 12.00
# Visual Studio Version 16
VisualStudioVersion = 16.0.30413.136
MinimumVisualStudioVersion = 10.0.40219.1
Project("{8BC9CEB8-8B4A-11D0-8D11-00A0C91BC942}") = "Dabgine", "Dabgine.vcxproj", "{33FBAB1E-DDF9-4E92-9DA7-ACB79332EFA3}"
EndProject
Project("{54435603-DBB4-11D2-8724-00A0C9A8B90C}") = "Dabgine Installer", "..\Installers\Dabgine Installer\Dabgine Installer.vdproj", "{02CCEAE4-9162-4B6D-BD9E-10E786E57251}"
EndProject
Project("{54435603-DBB4-11D2-8724-00A0C9A8B90C}") = "Dabgine Debug Installer", "..\Installers\Dabgine Debug Installer\Dabgine Debug Installer.vdproj", "{053AD561-64C9-4B5C-B073-4D8C2AD33FEB}"
EndProject
Global
	GlobalSection(SolutionConfigurationPlatforms) = preSolution
		Debug|x64 = Debug|x64
		Debug|x86 = Debug|x86
		Release|x64 = Release|x64
		Release|x86 = Release|x86
	EndGlobalSection
	GlobalSection(ProjectConfigurationPlatforms) = postSolution
		{33FBAB1E-DDF9-4E92-9DA7-ACB79332EFA3}.Debug|x64.ActiveCfg = Debug|x64
		{33FBAB1E-DDF9-4E92-9DA7-ACB79332EFA3}.Debug|x64.Build.0 = Debug|x64
		{33FBAB1E-DDF9-4E92-9DA7-ACB79332EFA3}.Debug|x86.ActiveCfg = Debug|Win32
		{33FBAB1E-DDF9-4E92-9DA7-ACB79332EFA3}.Debug|x86.Build.0 = Debug|Win32
		{33FBAB1E-DDF9-4E92-9DA7-ACB79332EFA3}.Release|x64.ActiveCfg = Release|x64
		{33FBAB1E-DDF9-4E92-9DA7-ACB79332EFA3}.Release|x64.Build.0 = Release|x64
		{33FBAB1E-DDF9-4E92-9DA7-ACB79332EFA3}.Release|x86.ActiveCfg = Release|Win32
		{33FBAB1E-DDF9-4E92-9DA7-ACB79332EFA3}.Release|x86.Build.0 = Release|Win32
		{02CCEAE4-9162-4B6D-BD9E-10E786E57251}.Debug|x64.ActiveCfg = Debug
		{02CCEAE4-9162-4B6D-BD9E-10E786E57251}.Debug|x86.ActiveCfg = Debug
		{02CCEAE4-9162-4B6D-BD9E-10E786E57251}.Release|x64.ActiveCfg = Release
		{02CCEAE4-9162-4B6D-BD9E-10E786E57251}.Release|x64.Build.0 = Release
		{02CCEAE4-9162-4B6D-BD9E-10E786E57251}.Release|x86.ActiveCfg = Release
		{053AD561-64C9-4B5C-B073-4D8C2AD33FEB}.Debug|x64.ActiveCfg = Debug
		{053AD561-64C9-4B5C-B073-4D8C2AD33FEB}.Debug|x64.Build.0 = Debug
		{053AD561-64C9-4B5C-B073-4D8C2AD33FEB}.Debug|x86.ActiveCfg = Debug
		{053AD561-64C9-4B5C-B073-4D8C2AD33FEB}.Release|x64.ActiveCfg = Release
		{053AD561-64C9-4B5C-B073-4D8C2AD33FEB}.Release|x86.ActiveCfg = Release
	EndGlobalSection
	GlobalSection(SolutionProperties) = preSolution
		HideSolutionNode = FALSE
	EndGlobalSection
	GlobalSection(ExtensibilityGlobals) = postSolution
		SolutionGuid = {E4D3B7AD-7985-4803-925D-ADC83744C174}
	EndGlobalSection
EndGlobal
